// !$*UTF8*$!
{
	archiveVersion = 1;
	classes = {
	};
	objectVersion = 46;
	objects = {

/* Begin PBXBuildFile section */
		7E970BBF18DBC08500517A1F /* Foundation.framework in Frameworks */ = {isa = PBXBuildFile; fileRef = 7E970BBE18DBC08500517A1F /* Foundation.framework */; };
		7E970BC118DBC08500517A1F /* CoreGraphics.framework in Frameworks */ = {isa = PBXBuildFile; fileRef = 7E970BC018DBC08500517A1F /* CoreGraphics.framework */; };
		7E970BC318DBC08500517A1F /* UIKit.framework in Frameworks */ = {isa = PBXBuildFile; fileRef = 7E970BC218DBC08500517A1F /* UIKit.framework */; };
		7E970BC918DBC08500517A1F /* InfoPlist.strings in Resources */ = {isa = PBXBuildFile; fileRef = 7E970BC718DBC08500517A1F /* InfoPlist.strings */; };
		7E970BCB18DBC08500517A1F /* main.m in Sources */ = {isa = PBXBuildFile; fileRef = 7E970BCA18DBC08500517A1F /* main.m */; };
		7E970BCF18DBC08500517A1F /* NCSAppDelegate.m in Sources */ = {isa = PBXBuildFile; fileRef = 7E970BCE18DBC08500517A1F /* NCSAppDelegate.m */; };
		7E970BD118DBC08500517A1F /* Images.xcassets in Resources */ = {isa = PBXBuildFile; fileRef = 7E970BD018DBC08500517A1F /* Images.xcassets */; };
		7E970BD818DBC08500517A1F /* XCTest.framework in Frameworks */ = {isa = PBXBuildFile; fileRef = 7E970BD718DBC08500517A1F /* XCTest.framework */; };
		7E970BD918DBC08500517A1F /* Foundation.framework in Frameworks */ = {isa = PBXBuildFile; fileRef = 7E970BBE18DBC08500517A1F /* Foundation.framework */; };
		7E970BDA18DBC08500517A1F /* UIKit.framework in Frameworks */ = {isa = PBXBuildFile; fileRef = 7E970BC218DBC08500517A1F /* UIKit.framework */; };
		7E970BE218DBC08500517A1F /* InfoPlist.strings in Resources */ = {isa = PBXBuildFile; fileRef = 7E970BE018DBC08500517A1F /* InfoPlist.strings */; };
		7E970BE418DBC08500517A1F /* YelpTests.m in Sources */ = {isa = PBXBuildFile; fileRef = 7E970BE318DBC08500517A1F /* YelpTests.m */; };
		7E970BF218DBC17500517A1F /* NCSRestaurantsViewController.m in Sources */ = {isa = PBXBuildFile; fileRef = 7E970BF018DBC17500517A1F /* NCSRestaurantsViewController.m */; };
		7E970BF318DBC17500517A1F /* NCSRestaurantsViewController.xib in Resources */ = {isa = PBXBuildFile; fileRef = 7E970BF118DBC17500517A1F /* NCSRestaurantsViewController.xib */; };
		7E970BF718DBC3B800517A1F /* NCSRestaurantCell.m in Sources */ = {isa = PBXBuildFile; fileRef = 7E970BF518DBC3B800517A1F /* NCSRestaurantCell.m */; };
		7E970BF818DBC3B800517A1F /* NCSRestaurantCell.xib in Resources */ = {isa = PBXBuildFile; fileRef = 7E970BF618DBC3B800517A1F /* NCSRestaurantCell.xib */; };
		7E970C4418DCC0C500517A1F /* NCSFiltersViewController.m in Sources */ = {isa = PBXBuildFile; fileRef = 7E970C4218DCC0C500517A1F /* NCSFiltersViewController.m */; };
		7E970C4518DCC0C500517A1F /* NCSFiltersViewController.xib in Resources */ = {isa = PBXBuildFile; fileRef = 7E970C4318DCC0C500517A1F /* NCSFiltersViewController.xib */; };
		7E970C4818DD159D00517A1F /* NCSYelpClient.m in Sources */ = {isa = PBXBuildFile; fileRef = 7E970C4718DD159D00517A1F /* NCSYelpClient.m */; };
		7E970C4B18DD222600517A1F /* NCSRestaurant.m in Sources */ = {isa = PBXBuildFile; fileRef = 7E970C4A18DD222600517A1F /* NCSRestaurant.m */; };
		BAA0AB4FF9544479ADF371F2 /* libPods.a in Frameworks */ = {isa = PBXBuildFile; fileRef = 5C7D30421A5348F7826C5639 /* libPods.a */; };
/* End PBXBuildFile section */

/* Begin PBXContainerItemProxy section */
		7E970BDB18DBC08500517A1F /* PBXContainerItemProxy */ = {
			isa = PBXContainerItemProxy;
			containerPortal = 7E970BB318DBC08500517A1F /* Project object */;
			proxyType = 1;
			remoteGlobalIDString = 7E970BBA18DBC08500517A1F;
			remoteInfo = Yelp;
		};
/* End PBXContainerItemProxy section */

/* Begin PBXFileReference section */
		5C7D30421A5348F7826C5639 /* libPods.a */ = {isa = PBXFileReference; explicitFileType = archive.ar; includeInIndex = 0; path = libPods.a; sourceTree = BUILT_PRODUCTS_DIR; };
		7E970BBB18DBC08500517A1F /* Yelp.app */ = {isa = PBXFileReference; explicitFileType = wrapper.application; includeInIndex = 0; path = Yelp.app; sourceTree = BUILT_PRODUCTS_DIR; };
		7E970BBE18DBC08500517A1F /* Foundation.framework */ = {isa = PBXFileReference; lastKnownFileType = wrapper.framework; name = Foundation.framework; path = System/Library/Frameworks/Foundation.framework; sourceTree = SDKROOT; };
		7E970BC018DBC08500517A1F /* CoreGraphics.framework */ = {isa = PBXFileReference; lastKnownFileType = wrapper.framework; name = CoreGraphics.framework; path = System/Library/Frameworks/CoreGraphics.framework; sourceTree = SDKROOT; };
		7E970BC218DBC08500517A1F /* UIKit.framework */ = {isa = PBXFileReference; lastKnownFileType = wrapper.framework; name = UIKit.framework; path = System/Library/Frameworks/UIKit.framework; sourceTree = SDKROOT; };
		7E970BC618DBC08500517A1F /* Yelp-Info.plist */ = {isa = PBXFileReference; lastKnownFileType = text.plist.xml; path = "Yelp-Info.plist"; sourceTree = "<group>"; };
		7E970BC818DBC08500517A1F /* en */ = {isa = PBXFileReference; lastKnownFileType = text.plist.strings; name = en; path = en.lproj/InfoPlist.strings; sourceTree = "<group>"; };
		7E970BCA18DBC08500517A1F /* main.m */ = {isa = PBXFileReference; lastKnownFileType = sourcecode.c.objc; path = main.m; sourceTree = "<group>"; };
		7E970BCC18DBC08500517A1F /* Yelp-Prefix.pch */ = {isa = PBXFileReference; lastKnownFileType = sourcecode.c.h; path = "Yelp-Prefix.pch"; sourceTree = "<group>"; };
		7E970BCD18DBC08500517A1F /* NCSAppDelegate.h */ = {isa = PBXFileReference; lastKnownFileType = sourcecode.c.h; path = NCSAppDelegate.h; sourceTree = "<group>"; };
		7E970BCE18DBC08500517A1F /* NCSAppDelegate.m */ = {isa = PBXFileReference; lastKnownFileType = sourcecode.c.objc; path = NCSAppDelegate.m; sourceTree = "<group>"; };
		7E970BD018DBC08500517A1F /* Images.xcassets */ = {isa = PBXFileReference; lastKnownFileType = folder.assetcatalog; path = Images.xcassets; sourceTree = "<group>"; };
		7E970BD618DBC08500517A1F /* YelpTests.xctest */ = {isa = PBXFileReference; explicitFileType = wrapper.cfbundle; includeInIndex = 0; path = YelpTests.xctest; sourceTree = BUILT_PRODUCTS_DIR; };
		7E970BD718DBC08500517A1F /* XCTest.framework */ = {isa = PBXFileReference; lastKnownFileType = wrapper.framework; name = XCTest.framework; path = Library/Frameworks/XCTest.framework; sourceTree = DEVELOPER_DIR; };
		7E970BDF18DBC08500517A1F /* YelpTests-Info.plist */ = {isa = PBXFileReference; lastKnownFileType = text.plist.xml; path = "YelpTests-Info.plist"; sourceTree = "<group>"; };
		7E970BE118DBC08500517A1F /* en */ = {isa = PBXFileReference; lastKnownFileType = text.plist.strings; name = en; path = en.lproj/InfoPlist.strings; sourceTree = "<group>"; };
		7E970BE318DBC08500517A1F /* YelpTests.m */ = {isa = PBXFileReference; lastKnownFileType = sourcecode.c.objc; path = YelpTests.m; sourceTree = "<group>"; };
		7E970BEF18DBC17500517A1F /* NCSRestaurantsViewController.h */ = {isa = PBXFileReference; fileEncoding = 4; lastKnownFileType = sourcecode.c.h; path = NCSRestaurantsViewController.h; sourceTree = "<group>"; };
		7E970BF018DBC17500517A1F /* NCSRestaurantsViewController.m */ = {isa = PBXFileReference; fileEncoding = 4; lastKnownFileType = sourcecode.c.objc; path = NCSRestaurantsViewController.m; sourceTree = "<group>"; };
		7E970BF118DBC17500517A1F /* NCSRestaurantsViewController.xib */ = {isa = PBXFileReference; fileEncoding = 4; lastKnownFileType = file.xib; path = NCSRestaurantsViewController.xib; sourceTree = "<group>"; };
		7E970BF418DBC3B800517A1F /* NCSRestaurantCell.h */ = {isa = PBXFileReference; fileEncoding = 4; lastKnownFileType = sourcecode.c.h; path = NCSRestaurantCell.h; sourceTree = "<group>"; };
		7E970BF518DBC3B800517A1F /* NCSRestaurantCell.m */ = {isa = PBXFileReference; fileEncoding = 4; lastKnownFileType = sourcecode.c.objc; path = NCSRestaurantCell.m; sourceTree = "<group>"; };
		7E970BF618DBC3B800517A1F /* NCSRestaurantCell.xib */ = {isa = PBXFileReference; fileEncoding = 4; lastKnownFileType = file.xib; path = NCSRestaurantCell.xib; sourceTree = "<group>"; };
		7E970C4118DCC0C500517A1F /* NCSFiltersViewController.h */ = {isa = PBXFileReference; fileEncoding = 4; lastKnownFileType = sourcecode.c.h; path = NCSFiltersViewController.h; sourceTree = "<group>"; };
		7E970C4218DCC0C500517A1F /* NCSFiltersViewController.m */ = {isa = PBXFileReference; fileEncoding = 4; lastKnownFileType = sourcecode.c.objc; path = NCSFiltersViewController.m; sourceTree = "<group>"; };
		7E970C4318DCC0C500517A1F /* NCSFiltersViewController.xib */ = {isa = PBXFileReference; fileEncoding = 4; lastKnownFileType = file.xib; path = NCSFiltersViewController.xib; sourceTree = "<group>"; };
		7E970C4618DD159D00517A1F /* NCSYelpClient.h */ = {isa = PBXFileReference; fileEncoding = 4; lastKnownFileType = sourcecode.c.h; path = NCSYelpClient.h; sourceTree = "<group>"; };
		7E970C4718DD159D00517A1F /* NCSYelpClient.m */ = {isa = PBXFileReference; fileEncoding = 4; lastKnownFileType = sourcecode.c.objc; path = NCSYelpClient.m; sourceTree = "<group>"; };
		7E970C4918DD222600517A1F /* NCSRestaurant.h */ = {isa = PBXFileReference; fileEncoding = 4; lastKnownFileType = sourcecode.c.h; path = NCSRestaurant.h; sourceTree = "<group>"; };
		7E970C4A18DD222600517A1F /* NCSRestaurant.m */ = {isa = PBXFileReference; fileEncoding = 4; lastKnownFileType = sourcecode.c.objc; path = NCSRestaurant.m; sourceTree = "<group>"; };
		E3D1BF1D7C9B4A9D8736DD27 /* Pods.xcconfig */ = {isa = PBXFileReference; includeInIndex = 1; lastKnownFileType = text.xcconfig; name = Pods.xcconfig; path = Pods/Pods.xcconfig; sourceTree = "<group>"; };
/* End PBXFileReference section */

/* Begin PBXFrameworksBuildPhase section */
		7E970BB818DBC08500517A1F /* Frameworks */ = {
			isa = PBXFrameworksBuildPhase;
			buildActionMask = 2147483647;
			files = (
				7E970BC118DBC08500517A1F /* CoreGraphics.framework in Frameworks */,
				7E970BC318DBC08500517A1F /* UIKit.framework in Frameworks */,
				7E970BBF18DBC08500517A1F /* Foundation.framework in Frameworks */,
				BAA0AB4FF9544479ADF371F2 /* libPods.a in Frameworks */,
			);
			runOnlyForDeploymentPostprocessing = 0;
		};
		7E970BD318DBC08500517A1F /* Frameworks */ = {
			isa = PBXFrameworksBuildPhase;
			buildActionMask = 2147483647;
			files = (
				7E970BD818DBC08500517A1F /* XCTest.framework in Frameworks */,
				7E970BDA18DBC08500517A1F /* UIKit.framework in Frameworks */,
				7E970BD918DBC08500517A1F /* Foundation.framework in Frameworks */,
			);
			runOnlyForDeploymentPostprocessing = 0;
		};
/* End PBXFrameworksBuildPhase section */

/* Begin PBXGroup section */
		7E970BB218DBC08500517A1F = {
			isa = PBXGroup;
			children = (
				7E970BC418DBC08500517A1F /* Yelp */,
				7E970BDD18DBC08500517A1F /* YelpTests */,
				7E970BBD18DBC08500517A1F /* Frameworks */,
				7E970BBC18DBC08500517A1F /* Products */,
				E3D1BF1D7C9B4A9D8736DD27 /* Pods.xcconfig */,
			);
			sourceTree = "<group>";
		};
		7E970BBC18DBC08500517A1F /* Products */ = {
			isa = PBXGroup;
			children = (
				7E970BBB18DBC08500517A1F /* Yelp.app */,
				7E970BD618DBC08500517A1F /* YelpTests.xctest */,
			);
			name = Products;
			sourceTree = "<group>";
		};
		7E970BBD18DBC08500517A1F /* Frameworks */ = {
			isa = PBXGroup;
			children = (
				7E970BBE18DBC08500517A1F /* Foundation.framework */,
				7E970BC018DBC08500517A1F /* CoreGraphics.framework */,
				7E970BC218DBC08500517A1F /* UIKit.framework */,
				7E970BD718DBC08500517A1F /* XCTest.framework */,
				5C7D30421A5348F7826C5639 /* libPods.a */,
			);
			name = Frameworks;
			sourceTree = "<group>";
		};
		7E970BC418DBC08500517A1F /* Yelp */ = {
			isa = PBXGroup;
			children = (
				7E970BCD18DBC08500517A1F /* NCSAppDelegate.h */,
				7E970BCE18DBC08500517A1F /* NCSAppDelegate.m */,
				7E970BD018DBC08500517A1F /* Images.xcassets */,
				7E970BC518DBC08500517A1F /* Supporting Files */,
				7E970BEF18DBC17500517A1F /* NCSRestaurantsViewController.h */,
				7E970BF018DBC17500517A1F /* NCSRestaurantsViewController.m */,
				7E970BF118DBC17500517A1F /* NCSRestaurantsViewController.xib */,
				7E970BF418DBC3B800517A1F /* NCSRestaurantCell.h */,
				7E970BF518DBC3B800517A1F /* NCSRestaurantCell.m */,
				7E970BF618DBC3B800517A1F /* NCSRestaurantCell.xib */,
				7E970C4118DCC0C500517A1F /* NCSFiltersViewController.h */,
				7E970C4218DCC0C500517A1F /* NCSFiltersViewController.m */,
				7E970C4318DCC0C500517A1F /* NCSFiltersViewController.xib */,
				7E970C4618DD159D00517A1F /* NCSYelpClient.h */,
				7E970C4718DD159D00517A1F /* NCSYelpClient.m */,
				7E970C4918DD222600517A1F /* NCSRestaurant.h */,
				7E970C4A18DD222600517A1F /* NCSRestaurant.m */,
			);
			path = Yelp;
			sourceTree = "<group>";
		};
		7E970BC518DBC08500517A1F /* Supporting Files */ = {
			isa = PBXGroup;
			children = (
				7E970BC618DBC08500517A1F /* Yelp-Info.plist */,
				7E970BC718DBC08500517A1F /* InfoPlist.strings */,
				7E970BCA18DBC08500517A1F /* main.m */,
				7E970BCC18DBC08500517A1F /* Yelp-Prefix.pch */,
			);
			name = "Supporting Files";
			sourceTree = "<group>";
		};
		7E970BDD18DBC08500517A1F /* YelpTests */ = {
			isa = PBXGroup;
			children = (
				7E970BE318DBC08500517A1F /* YelpTests.m */,
				7E970BDE18DBC08500517A1F /* Supporting Files */,
			);
			path = YelpTests;
			sourceTree = "<group>";
		};
		7E970BDE18DBC08500517A1F /* Supporting Files */ = {
			isa = PBXGroup;
			children = (
				7E970BDF18DBC08500517A1F /* YelpTests-Info.plist */,
				7E970BE018DBC08500517A1F /* InfoPlist.strings */,
			);
			name = "Supporting Files";
			sourceTree = "<group>";
		};
/* End PBXGroup section */

/* Begin PBXNativeTarget section */
		7E970BBA18DBC08500517A1F /* Yelp */ = {
			isa = PBXNativeTarget;
			buildConfigurationList = 7E970BE718DBC08500517A1F /* Build configuration list for PBXNativeTarget "Yelp" */;
			buildPhases = (
				942634052325443F8B6B1FC4 /* Check Pods Manifest.lock */,
				7E970BB718DBC08500517A1F /* Sources */,
				7E970BB818DBC08500517A1F /* Frameworks */,
				7E970BB918DBC08500517A1F /* Resources */,
				1759C394C9E445618F4CD1A5 /* Copy Pods Resources */,
			);
			buildRules = (
			);
			dependencies = (
			);
			name = Yelp;
			productName = Yelp;
			productReference = 7E970BBB18DBC08500517A1F /* Yelp.app */;
			productType = "com.apple.product-type.application";
		};
		7E970BD518DBC08500517A1F /* YelpTests */ = {
			isa = PBXNativeTarget;
			buildConfigurationList = 7E970BEA18DBC08500517A1F /* Build configuration list for PBXNativeTarget "YelpTests" */;
			buildPhases = (
				7E970BD218DBC08500517A1F /* Sources */,
				7E970BD318DBC08500517A1F /* Frameworks */,
				7E970BD418DBC08500517A1F /* Resources */,
			);
			buildRules = (
			);
			dependencies = (
				7E970BDC18DBC08500517A1F /* PBXTargetDependency */,
			);
			name = YelpTests;
			productName = YelpTests;
			productReference = 7E970BD618DBC08500517A1F /* YelpTests.xctest */;
			productType = "com.apple.product-type.bundle.unit-test";
		};
/* End PBXNativeTarget section */

/* Begin PBXProject section */
		7E970BB318DBC08500517A1F /* Project object */ = {
			isa = PBXProject;
			attributes = {
				CLASSPREFIX = NCS;
				LastUpgradeCheck = 0510;
				ORGANIZATIONNAME = "Nathan Speller";
				TargetAttributes = {
					7E970BD518DBC08500517A1F = {
						TestTargetID = 7E970BBA18DBC08500517A1F;
					};
				};
			};
			buildConfigurationList = 7E970BB618DBC08500517A1F /* Build configuration list for PBXProject "Yelp" */;
			compatibilityVersion = "Xcode 3.2";
			developmentRegion = English;
			hasScannedForEncodings = 0;
			knownRegions = (
				en,
			);
			mainGroup = 7E970BB218DBC08500517A1F;
			productRefGroup = 7E970BBC18DBC08500517A1F /* Products */;
			projectDirPath = "";
			projectRoot = "";
			targets = (
				7E970BBA18DBC08500517A1F /* Yelp */,
				7E970BD518DBC08500517A1F /* YelpTests */,
			);
		};
/* End PBXProject section */

/* Begin PBXResourcesBuildPhase section */
		7E970BB918DBC08500517A1F /* Resources */ = {
			isa = PBXResourcesBuildPhase;
			buildActionMask = 2147483647;
			files = (
				7E970C4518DCC0C500517A1F /* NCSFiltersViewController.xib in Resources */,
				7E970BF318DBC17500517A1F /* NCSRestaurantsViewController.xib in Resources */,
				7E970BC918DBC08500517A1F /* InfoPlist.strings in Resources */,
				7E970BD118DBC08500517A1F /* Images.xcassets in Resources */,
				7E970BF818DBC3B800517A1F /* NCSRestaurantCell.xib in Resources */,
			);
			runOnlyForDeploymentPostprocessing = 0;
		};
		7E970BD418DBC08500517A1F /* Resources */ = {
			isa = PBXResourcesBuildPhase;
			buildActionMask = 2147483647;
			files = (
				7E970BE218DBC08500517A1F /* InfoPlist.strings in Resources */,
			);
			runOnlyForDeploymentPostprocessing = 0;
		};
/* End PBXResourcesBuildPhase section */

/* Begin PBXShellScriptBuildPhase section */
		1759C394C9E445618F4CD1A5 /* Copy Pods Resources */ = {
			isa = PBXShellScriptBuildPhase;
			buildActionMask = 2147483647;
			files = (
			);
			inputPaths = (
			);
			name = "Copy Pods Resources";
			outputPaths = (
			);
			runOnlyForDeploymentPostprocessing = 0;
			shellPath = /bin/sh;
			shellScript = "\"${SRCROOT}/Pods/Pods-resources.sh\"\n";
			showEnvVarsInLog = 0;
		};
		942634052325443F8B6B1FC4 /* Check Pods Manifest.lock */ = {
			isa = PBXShellScriptBuildPhase;
			buildActionMask = 2147483647;
			files = (
			);
			inputPaths = (
			);
			name = "Check Pods Manifest.lock";
			outputPaths = (
			);
			runOnlyForDeploymentPostprocessing = 0;
			shellPath = /bin/sh;
			shellScript = "diff \"${PODS_ROOT}/../Podfile.lock\" \"${PODS_ROOT}/Manifest.lock\" > /dev/null\nif [[ $? != 0 ]] ; then\n    cat << EOM\nerror: The sandbox is not in sync with the Podfile.lock. Run 'pod install' or update your CocoaPods installation.\nEOM\n    exit 1\nfi\n";
			showEnvVarsInLog = 0;
		};
/* End PBXShellScriptBuildPhase section */

/* Begin PBXSourcesBuildPhase section */
		7E970BB718DBC08500517A1F /* Sources */ = {
			isa = PBXSourcesBuildPhase;
			buildActionMask = 2147483647;
			files = (
				7E970BF218DBC17500517A1F /* NCSRestaurantsViewController.m in Sources */,
				7E970C4818DD159D00517A1F /* NCSYelpClient.m in Sources */,
				7E970BCB18DBC08500517A1F /* main.m in Sources */,
				7E970C4418DCC0C500517A1F /* NCSFiltersViewController.m in Sources */,
				7E970BCF18DBC08500517A1F /* NCSAppDelegate.m in Sources */,
				7E970BF718DBC3B800517A1F /* NCSRestaurantCell.m in Sources */,
				7E970C4B18DD222600517A1F /* NCSRestaurant.m in Sources */,
			);
			runOnlyForDeploymentPostprocessing = 0;
		};
		7E970BD218DBC08500517A1F /* Sources */ = {
			isa = PBXSourcesBuildPhase;
			buildActionMask = 2147483647;
			files = (
				7E970BE418DBC08500517A1F /* YelpTests.m in Sources */,
			);
			runOnlyForDeploymentPostprocessing = 0;
		};
/* End PBXSourcesBuildPhase section */

/* Begin PBXTargetDependency section */
		7E970BDC18DBC08500517A1F /* PBXTargetDependency */ = {
			isa = PBXTargetDependency;
			target = 7E970BBA18DBC08500517A1F /* Yelp */;
			targetProxy = 7E970BDB18DBC08500517A1F /* PBXContainerItemProxy */;
		};
/* End PBXTargetDependency section */

/* Begin PBXVariantGroup section */
		7E970BC718DBC08500517A1F /* InfoPlist.strings */ = {
			isa = PBXVariantGroup;
			children = (
				7E970BC818DBC08500517A1F /* en */,
			);
			name = InfoPlist.strings;
			sourceTree = "<group>";
		};
		7E970BE018DBC08500517A1F /* InfoPlist.strings */ = {
			isa = PBXVariantGroup;
			children = (
				7E970BE118DBC08500517A1F /* en */,
			);
			name = InfoPlist.strings;
			sourceTree = "<group>";
		};
/* End PBXVariantGroup section */

/* Begin XCBuildConfiguration section */
		7E970BE518DBC08500517A1F /* Debug */ = {
			isa = XCBuildConfiguration;
			buildSettings = {
				ALWAYS_SEARCH_USER_PATHS = NO;
				CLANG_CXX_LANGUAGE_STANDARD = "gnu++0x";
				CLANG_CXX_LIBRARY = "libc++";
				CLANG_ENABLE_MODULES = YES;
				CLANG_ENABLE_OBJC_ARC = YES;
				CLANG_WARN_BOOL_CONVERSION = YES;
				CLANG_WARN_CONSTANT_CONVERSION = YES;
				CLANG_WARN_DIRECT_OBJC_ISA_USAGE = YES_ERROR;
				CLANG_WARN_EMPTY_BODY = YES;
				CLANG_WARN_ENUM_CONVERSION = YES;
				CLANG_WARN_INT_CONVERSION = YES;
				CLANG_WARN_OBJC_ROOT_CLASS = YES_ERROR;
				CLANG_WARN__DUPLICATE_METHOD_MATCH = YES;
				"CODE_SIGN_IDENTITY[sdk=iphoneos*]" = "iPhone Developer";
				COPY_PHASE_STRIP = NO;
				GCC_C_LANGUAGE_STANDARD = gnu99;
				GCC_DYNAMIC_NO_PIC = NO;
				GCC_OPTIMIZATION_LEVEL = 0;
				GCC_PREPROCESSOR_DEFINITIONS = (
					"DEBUG=1",
					"$(inherited)",
				);
				GCC_SYMBOLS_PRIVATE_EXTERN = NO;
				GCC_WARN_64_TO_32_BIT_CONVERSION = YES;
				GCC_WARN_ABOUT_RETURN_TYPE = YES_ERROR;
				GCC_WARN_UNDECLARED_SELECTOR = YES;
				GCC_WARN_UNINITIALIZED_AUTOS = YES_AGGRESSIVE;
				GCC_WARN_UNUSED_FUNCTION = YES;
				GCC_WARN_UNUSED_VARIABLE = YES;
				IPHONEOS_DEPLOYMENT_TARGET = 7.1;
				ONLY_ACTIVE_ARCH = YES;
				SDKROOT = iphoneos;
			};
			name = Debug;
		};
		7E970BE618DBC08500517A1F /* Release */ = {
			isa = XCBuildConfiguration;
			buildSettings = {
				ALWAYS_SEARCH_USER_PATHS = NO;
				CLANG_CXX_LANGUAGE_STANDARD = "gnu++0x";
				CLANG_CXX_LIBRARY = "libc++";
				CLANG_ENABLE_MODULES = YES;
				CLANG_ENABLE_OBJC_ARC = YES;
				CLANG_WARN_BOOL_CONVERSION = YES;
				CLANG_WARN_CONSTANT_CONVERSION = YES;
				CLANG_WARN_DIRECT_OBJC_ISA_USAGE = YES_ERROR;
				CLANG_WARN_EMPTY_BODY = YES;
				CLANG_WARN_ENUM_CONVERSION = YES;
				CLANG_WARN_INT_CONVERSION = YES;
				CLANG_WARN_OBJC_ROOT_CLASS = YES_ERROR;
				CLANG_WARN__DUPLICATE_METHOD_MATCH = YES;
				"CODE_SIGN_IDENTITY[sdk=iphoneos*]" = "iPhone Developer";
				COPY_PHASE_STRIP = YES;
				ENABLE_NS_ASSERTIONS = NO;
				GCC_C_LANGUAGE_STANDARD = gnu99;
				GCC_WARN_64_TO_32_BIT_CONVERSION = YES;
				GCC_WARN_ABOUT_RETURN_TYPE = YES_ERROR;
				GCC_WARN_UNDECLARED_SELECTOR = YES;
				GCC_WARN_UNINITIALIZED_AUTOS = YES_AGGRESSIVE;
				GCC_WARN_UNUSED_FUNCTION = YES;
				GCC_WARN_UNUSED_VARIABLE = YES;
				IPHONEOS_DEPLOYMENT_TARGET = 7.1;
				SDKROOT = iphoneos;
				VALIDATE_PRODUCT = YES;
			};
			name = Release;
		};
		7E970BE818DBC08500517A1F /* Debug */ = {
			isa = XCBuildConfiguration;
			baseConfigurationReference = E3D1BF1D7C9B4A9D8736DD27 /* Pods.xcconfig */;
			buildSettings = {
				ASSETCATALOG_COMPILER_APPICON_NAME = AppIcon;
				ASSETCATALOG_COMPILER_LAUNCHIMAGE_NAME = LaunchImage;
				GCC_PRECOMPILE_PREFIX_HEADER = YES;
				GCC_PREFIX_HEADER = "Yelp/Yelp-Prefix.pch";
				INFOPLIST_FILE = "Yelp/Yelp-Info.plist";
				PRODUCT_NAME = "$(TARGET_NAME)";
				WRAPPER_EXTENSION = app;
			};
			name = Debug;
		};
		7E970BE918DBC08500517A1F /* Release */ = {
			isa = XCBuildConfiguration;
			baseConfigurationReference = E3D1BF1D7C9B4A9D8736DD27 /* Pods.xcconfig */;
			buildSettings = {
				ASSETCATALOG_COMPILER_APPICON_NAME = AppIcon;
				ASSETCATALOG_COMPILER_LAUNCHIMAGE_NAME = LaunchImage;
				GCC_PRECOMPILE_PREFIX_HEADER = YES;
				GCC_PREFIX_HEADER = "Yelp/Yelp-Prefix.pch";
				INFOPLIST_FILE = "Yelp/Yelp-Info.plist";
				PRODUCT_NAME = "$(TARGET_NAME)";
				WRAPPER_EXTENSION = app;
			};
			name = Release;
		};
		7E970BEB18DBC08500517A1F /* Debug */ = {
			isa = XCBuildConfiguration;
			buildSettings = {
				BUNDLE_LOADER = "$(BUILT_PRODUCTS_DIR)/Yelp.app/Yelp";
				FRAMEWORK_SEARCH_PATHS = (
					"$(SDKROOT)/Developer/Library/Frameworks",
					"$(inherited)",
					"$(DEVELOPER_FRAMEWORKS_DIR)",
				);
				GCC_PRECOMPILE_PREFIX_HEADER = YES;
				GCC_PREFIX_HEADER = "Yelp/Yelp-Prefix.pch";
				GCC_PREPROCESSOR_DEFINITIONS = (
					"DEBUG=1",
					"$(inherited)",
				);
				INFOPLIST_FILE = "YelpTests/YelpTests-Info.plist";
				PRODUCT_NAME = "$(TARGET_NAME)";
				TEST_HOST = "$(BUNDLE_LOADER)";
				WRAPPER_EXTENSION = xctest;
			};
			name = Debug;
		};
		7E970BEC18DBC08500517A1F /* Release */ = {
			isa = XCBuildConfiguration;
			buildSettings = {
				BUNDLE_LOADER = "$(BUILT_PRODUCTS_DIR)/Yelp.app/Yelp";
				FRAMEWORK_SEARCH_PATHS = (
					"$(SDKROOT)/Developer/Library/Frameworks",
					"$(inherited)",
					"$(DEVELOPER_FRAMEWORKS_DIR)",
				);
				GCC_PRECOMPILE_PREFIX_HEADER = YES;
				GCC_PREFIX_HEADER = "Yelp/Yelp-Prefix.pch";
				INFOPLIST_FILE = "YelpTests/YelpTests-Info.plist";
				PRODUCT_NAME = "$(TARGET_NAME)";
				TEST_HOST = "$(BUNDLE_LOADER)";
				WRAPPER_EXTENSION = xctest;
			};
			name = Release;
		};
/* End XCBuildConfiguration section */

/* Begin XCConfigurationList section */
		7E970BB618DBC08500517A1F /* Build configuration list for PBXProject "Yelp" */ = {
			isa = XCConfigurationList;
			buildConfigurations = (
				7E970BE518DBC08500517A1F /* Debug */,
				7E970BE618DBC08500517A1F /* Release */,
			);
			defaultConfigurationIsVisible = 0;
			defaultConfigurationName = Release;
		};
		7E970BE718DBC08500517A1F /* Build configuration list for PBXNativeTarget "Yelp" */ = {
			isa = XCConfigurationList;
			buildConfigurations = (
				7E970BE818DBC08500517A1F /* Debug */,
				7E970BE918DBC08500517A1F /* Release */,
			);
			defaultConfigurationIsVisible = 0;
			defaultConfigurationName = Release;
		};
		7E970BEA18DBC08500517A1F /* Build configuration list for PBXNativeTarget "YelpTests" */ = {
			isa = XCConfigurationList;
			buildConfigurations = (
				7E970BEB18DBC08500517A1F /* Debug */,
				7E970BEC18DBC08500517A1F /* Release */,
			);
			defaultConfigurationIsVisible = 0;
			defaultConfigurationName = Release;
		};
/* End XCConfigurationList section */
	};
	rootObject = 7E970BB318DBC08500517A1F /* Project object */;
}
